
Microsoft Visual Studio Solution File, Format Version 12.00
# Visual Studio Version 17
VisualStudioVersion = 17.11.35222.181
MinimumVisualStudioVersion = 10.0.40219.1
Project("{FAE04EC0-301F-11D3-BF4B-00C04F79EFBC}") = "Back", "Back\Back.csproj", "{DC0EB9B6-4BB3-470F-B046-40C0A464EEAF}"
EndProject
Global
	GlobalSection(SolutionConfigurationPlatforms) = preSolution
		Debug|Any CPU = Debug|Any CPU
		Release|Any CPU = Release|Any CPU
	EndGlobalSection
	GlobalSection(ProjectConfigurationPlatforms) = postSolution
		{DC0EB9B6-4BB3-470F-B046-40C0A464EEAF}.Debug|Any CPU.ActiveCfg = Debug|Any CPU
		{DC0EB9B6-4BB3-470F-B046-40C0A464EEAF}.Debug|Any CPU.Build.0 = Debug|Any CPU
		{DC0EB9B6-4BB3-470F-B046-40C0A464EEAF}.Release|Any CPU.ActiveCfg = Release|Any CPU
		{DC0EB9B6-4BB3-470F-B046-40C0A464EEAF}.Release|Any CPU.Build.0 = Release|Any CPU
	EndGlobalSection
	GlobalSection(SolutionProperties) = preSolution
		HideSolutionNode = FALSE
	EndGlobalSection
	GlobalSection(ExtensibilityGlobals) = postSolution
		SolutionGuid = {219A0982-1E64-4954-8579-4F8B14515488}
	EndGlobalSection
EndGlobal
